
Microsoft Visual Studio Solution File, Format Version 12.00
# Visual Studio Version 16
VisualStudioVersion = 16.0.33423.256
MinimumVisualStudioVersion = 10.0.40219.1
Project("{2150E333-8FDC-42A3-9474-1A3956D46DE8}") = "Solution Items", "Solution Items", "{6C3D62C8-F71D-4A43-872E-A86BAEE3FBAE}"
	ProjectSection(SolutionItems) = preProject
		automate.html = automate.html
		learn.html = learn.html
		Main.html = Main.html
		Scripts\scripts.js = Scripts\scripts.js
		Styles\sheetStyle.css = Styles\sheetStyle.css
		Styles\styles.css = Styles\styles.css
	EndProjectSection
EndProject
Global
	GlobalSection(SolutionProperties) = preSolution
		HideSolutionNode = FALSE
	EndGlobalSection
	GlobalSection(ExtensibilityGlobals) = postSolution
		SolutionGuid = {EC1AAA92-F981-4D98-BFFB-A84E650ADE5C}
	EndGlobalSection
EndGlobal
